<Solution>
  <Folder Name="/src/">
    <Project Path="src/Portfolio.Api/Portfolio.Api.csproj" />
    <Project Path="src/Portfolio.Shared/Portfolio.Shared.csproj" />
  </Folder>
  <Folder Name="/src/Portfolio.Web/">
    <Project Path="src/Portfolio.Web/Portfolio.Web.Client/Portfolio.Web.Client.csproj" />
    <Project Path="src/Portfolio.Web/Portfolio.Web/Portfolio.Web.csproj" />
  </Folder>
</Solution>
